
Microsoft Visual Studio Solution File, Format Version 12.00
# Visual Studio Version 17
VisualStudioVersion = 17.5.33502.453
MinimumVisualStudioVersion = 10.0.40219.1
Project("{9A19103F-16F7-4668-BE54-9A1E7A4F7556}") = "WebAppBootStrap", ".\WebAppBootStrap\WebAppBootStrap.csproj", "{9C9C5BF8-4FBE-4CB5-A2FD-A51D2A9052CD}"
EndProject
Project("{9A19103F-16F7-4668-BE54-9A1E7A4F7556}") = "Store", ".\Store\Store.csproj", "{232B6F7C-D9AF-4702-BE15-5101DB0E29E2}"
EndProject
Project("{9A19103F-16F7-4668-BE54-9A1E7A4F7556}") = "NewsPaper", ".\NewsPaper\NewsPaper.csproj", "{40E3776F-7BEE-443F-9C47-21CB8D4C56E7}"
EndProject
Project("{FAE04EC0-301F-11D3-BF4B-00C04F79EFBC}") = "HtmlControls", ".\HtmlControls\HtmlControls.csproj", "{835A8687-897C-411F-8C15-1DDB524E44E4}"
EndProject
Global
	GlobalSection(SolutionConfigurationPlatforms) = preSolution
		Debug|Any CPU = Debug|Any CPU
		Release|Any CPU = Release|Any CPU
	EndGlobalSection
	GlobalSection(ProjectConfigurationPlatforms) = postSolution
		{9C9C5BF8-4FBE-4CB5-A2FD-A51D2A9052CD}.Debug|Any CPU.ActiveCfg = Debug|Any CPU
		{9C9C5BF8-4FBE-4CB5-A2FD-A51D2A9052CD}.Debug|Any CPU.Build.0 = Debug|Any CPU
		{9C9C5BF8-4FBE-4CB5-A2FD-A51D2A9052CD}.Release|Any CPU.ActiveCfg = Release|Any CPU
		{9C9C5BF8-4FBE-4CB5-A2FD-A51D2A9052CD}.Release|Any CPU.Build.0 = Release|Any CPU
		{232B6F7C-D9AF-4702-BE15-5101DB0E29E2}.Debug|Any CPU.ActiveCfg = Debug|Any CPU
		{232B6F7C-D9AF-4702-BE15-5101DB0E29E2}.Debug|Any CPU.Build.0 = Debug|Any CPU
		{232B6F7C-D9AF-4702-BE15-5101DB0E29E2}.Release|Any CPU.ActiveCfg = Release|Any CPU
		{232B6F7C-D9AF-4702-BE15-5101DB0E29E2}.Release|Any CPU.Build.0 = Release|Any CPU
		{40E3776F-7BEE-443F-9C47-21CB8D4C56E7}.Debug|Any CPU.ActiveCfg = Debug|Any CPU
		{40E3776F-7BEE-443F-9C47-21CB8D4C56E7}.Debug|Any CPU.Build.0 = Debug|Any CPU
		{40E3776F-7BEE-443F-9C47-21CB8D4C56E7}.Release|Any CPU.ActiveCfg = Release|Any CPU
		{40E3776F-7BEE-443F-9C47-21CB8D4C56E7}.Release|Any CPU.Build.0 = Release|Any CPU
		{835A8687-897C-411F-8C15-1DDB524E44E4}.Debug|Any CPU.ActiveCfg = Debug|Any CPU
		{835A8687-897C-411F-8C15-1DDB524E44E4}.Debug|Any CPU.Build.0 = Debug|Any CPU
		{835A8687-897C-411F-8C15-1DDB524E44E4}.Release|Any CPU.ActiveCfg = Release|Any CPU
		{835A8687-897C-411F-8C15-1DDB524E44E4}.Release|Any CPU.Build.0 = Release|Any CPU
	EndGlobalSection
	GlobalSection(SolutionProperties) = preSolution
		HideSolutionNode = FALSE
	EndGlobalSection
	GlobalSection(ExtensibilityGlobals) = postSolution
		SolutionGuid = {F84B114D-14B0-4880-9536-90F75EE62972}
	EndGlobalSection
EndGlobal
